
Microsoft Visual Studio Solution File, Format Version 12.00
# Visual Studio Version 17
VisualStudioVersion = 17.3.32929.385
MinimumVisualStudioVersion = 10.0.40219.1
Project("{2150E333-8FDC-42A3-9474-1A3956D46DE8}") = "CreationalDesignPatterns", "CreationalDesignPatterns", "{A3BE8A7C-5239-4357-BCFA-678EAAC782E0}"
EndProject
Project("{FAE04EC0-301F-11D3-BF4B-00C04F79EFBC}") = "1.Singleton", "1.Singleton\1.Singleton.csproj", "{7C889DC9-B60D-4F88-ADBC-5DABC59820B0}"
EndProject
Project("{FAE04EC0-301F-11D3-BF4B-00C04F79EFBC}") = "2.FactoryMethod", "2.FactoryMethod\2.FactoryMethod.csproj", "{50254225-F8FD-41BA-AE1C-1F6B7F091D77}"
EndProject
Project("{FAE04EC0-301F-11D3-BF4B-00C04F79EFBC}") = "3.AbstractFactory", "3.AbstractFactory\3.AbstractFactory.csproj", "{D438C4D7-C7F3-48FE-A2D8-82E66C8677F4}"
EndProject
Global
	GlobalSection(SolutionConfigurationPlatforms) = preSolution
		Debug|Any CPU = Debug|Any CPU
		Release|Any CPU = Release|Any CPU
	EndGlobalSection
	GlobalSection(ProjectConfigurationPlatforms) = postSolution
		{7C889DC9-B60D-4F88-ADBC-5DABC59820B0}.Debug|Any CPU.ActiveCfg = Debug|Any CPU
		{7C889DC9-B60D-4F88-ADBC-5DABC59820B0}.Debug|Any CPU.Build.0 = Debug|Any CPU
		{7C889DC9-B60D-4F88-ADBC-5DABC59820B0}.Release|Any CPU.ActiveCfg = Release|Any CPU
		{7C889DC9-B60D-4F88-ADBC-5DABC59820B0}.Release|Any CPU.Build.0 = Release|Any CPU
		{50254225-F8FD-41BA-AE1C-1F6B7F091D77}.Debug|Any CPU.ActiveCfg = Debug|Any CPU
		{50254225-F8FD-41BA-AE1C-1F6B7F091D77}.Debug|Any CPU.Build.0 = Debug|Any CPU
		{50254225-F8FD-41BA-AE1C-1F6B7F091D77}.Release|Any CPU.ActiveCfg = Release|Any CPU
		{50254225-F8FD-41BA-AE1C-1F6B7F091D77}.Release|Any CPU.Build.0 = Release|Any CPU
		{D438C4D7-C7F3-48FE-A2D8-82E66C8677F4}.Debug|Any CPU.ActiveCfg = Debug|Any CPU
		{D438C4D7-C7F3-48FE-A2D8-82E66C8677F4}.Debug|Any CPU.Build.0 = Debug|Any CPU
		{D438C4D7-C7F3-48FE-A2D8-82E66C8677F4}.Release|Any CPU.ActiveCfg = Release|Any CPU
		{D438C4D7-C7F3-48FE-A2D8-82E66C8677F4}.Release|Any CPU.Build.0 = Release|Any CPU
	EndGlobalSection
	GlobalSection(SolutionProperties) = preSolution
		HideSolutionNode = FALSE
	EndGlobalSection
	GlobalSection(NestedProjects) = preSolution
		{7C889DC9-B60D-4F88-ADBC-5DABC59820B0} = {A3BE8A7C-5239-4357-BCFA-678EAAC782E0}
		{50254225-F8FD-41BA-AE1C-1F6B7F091D77} = {A3BE8A7C-5239-4357-BCFA-678EAAC782E0}
		{D438C4D7-C7F3-48FE-A2D8-82E66C8677F4} = {A3BE8A7C-5239-4357-BCFA-678EAAC782E0}
	EndGlobalSection
	GlobalSection(ExtensibilityGlobals) = postSolution
		SolutionGuid = {86768DCE-C286-4533-B91F-30360761FD18}
	EndGlobalSection
EndGlobal
